data.aws_availability_zones.available: Reading...
data.aws_availability_zones.available: Read complete after 2s [id=us-east-1]

Terraform used the selected providers to generate the following execution
plan. Resource actions are indicated with the following symbols:
  + create

Terraform will perform the following actions:

  # aws_apigatewayv2_api.backend will be created
  + resource "aws_apigatewayv2_api" "backend" {
      + api_endpoint                 = (known after apply)
      + api_key_selection_expression = "$request.header.x-api-key"
      + arn                          = (known after apply)
      + execution_arn                = (known after apply)
      + id                           = (known after apply)
      + ip_address_type              = (known after apply)
      + name                         = "agentic-assistant-api"
      + protocol_type                = "HTTP"
      + route_selection_expression   = "$request.method $request.path"
      + tags                         = {
          + "Name" = "agentic-assistant-api"
        }
      + tags_all                     = {
          + "Environment" = "production"
          + "ManagedBy"   = "Terraform"
          + "Name"        = "agentic-assistant-api"
          + "Project"     = "Contextual Agentic Assistant"
        }

      + cors_configuration {
          + allow_headers = [
              + "*",
            ]
          + allow_methods = [
              + "DELETE",
              + "GET",
              + "OPTIONS",
              + "POST",
              + "PUT",
            ]
          + allow_origins = (known after apply)
        }
    }

  # aws_cloudfront_distribution.frontend will be created
  + resource "aws_cloudfront_distribution" "frontend" {
      + arn                             = (known after apply)
      + caller_reference                = (known after apply)
      + continuous_deployment_policy_id = (known after apply)
      + default_root_object             = "index.html"
      + domain_name                     = (known after apply)
      + enabled                         = true
      + etag                            = (known after apply)
      + hosted_zone_id                  = (known after apply)
      + http_version                    = "http2"
      + id                              = (known after apply)
      + in_progress_validation_batches  = (known after apply)
      + is_ipv6_enabled                 = true
      + last_modified_time              = (known after apply)
      + price_class                     = "PriceClass_All"
      + retain_on_delete                = false
      + staging                         = false
      + status                          = (known after apply)
      + tags                            = {
          + "Name" = "agentic-assistant-frontend-cdn"
        }
      + tags_all                        = {
          + "Environment" = "production"
          + "ManagedBy"   = "Terraform"
          + "Name"        = "agentic-assistant-frontend-cdn"
          + "Project"     = "Contextual Agentic Assistant"
        }
      + trusted_key_groups              = (known after apply)
      + trusted_signers                 = (known after apply)
      + wait_for_deployment             = true

      + default_cache_behavior {
          + allowed_methods        = [
              + "GET",
              + "HEAD",
              + "OPTIONS",
            ]
          + cached_methods         = [
              + "GET",
              + "HEAD",
            ]
          + compress               = false
          + default_ttl            = 3600
          + max_ttl                = 86400
          + min_ttl                = 0
          + target_origin_id       = (known after apply)
          + trusted_key_groups     = (known after apply)
          + trusted_signers        = (known after apply)
          + viewer_protocol_policy = "redirect-to-https"

          + forwarded_values {
              + headers                 = (known after apply)
              + query_string            = false
              + query_string_cache_keys = (known after apply)

              + cookies {
                  + forward           = "none"
                  + whitelisted_names = (known after apply)
                }
            }

          + grpc_config (known after apply)
        }

      + origin {
          + connection_attempts      = 3
          + connection_timeout       = 10
          + domain_name              = (known after apply)
          + origin_id                = (known after apply)
            # (2 unchanged attributes hidden)

          + s3_origin_config {
              + origin_access_identity = (known after apply)
            }
        }

      + restrictions {
          + geo_restriction {
              + locations        = (known after apply)
              + restriction_type = "none"
            }
        }

      + viewer_certificate {
          + cloudfront_default_certificate = true
          + minimum_protocol_version       = "TLSv1"
        }
    }

  # aws_cloudfront_origin_access_identity.frontend will be created
  + resource "aws_cloudfront_origin_access_identity" "frontend" {
      + arn                             = (known after apply)
      + caller_reference                = (known after apply)
      + cloudfront_access_identity_path = (known after apply)
      + comment                         = "OAI for agentic-assistant frontend"
      + etag                            = (known after apply)
      + iam_arn                         = (known after apply)
      + id                              = (known after apply)
      + s3_canonical_user_id            = (known after apply)
    }

  # aws_cloudwatch_log_group.backend will be created
  + resource "aws_cloudwatch_log_group" "backend" {
      + arn               = (known after apply)
      + id                = (known after apply)
      + log_group_class   = (known after apply)
      + name              = "/ecs/agentic-assistant-backend"
      + name_prefix       = (known after apply)
      + retention_in_days = 7
      + skip_destroy      = false
      + tags              = {
          + "Name" = "agentic-assistant-backend-logs"
        }
      + tags_all          = {
          + "Environment" = "production"
          + "ManagedBy"   = "Terraform"
          + "Name"        = "agentic-assistant-backend-logs"
          + "Project"     = "Contextual Agentic Assistant"
        }
    }

  # aws_cloudwatch_log_group.frontend will be created
  + resource "aws_cloudwatch_log_group" "frontend" {
      + arn               = (known after apply)
      + id                = (known after apply)
      + log_group_class   = (known after apply)
      + name              = "/ecs/agentic-assistant-frontend"
      + name_prefix       = (known after apply)
      + retention_in_days = 7
      + skip_destroy      = false
      + tags              = {
          + "Name" = "agentic-assistant-frontend-logs"
        }
      + tags_all          = {
          + "Environment" = "production"
          + "ManagedBy"   = "Terraform"
          + "Name"        = "agentic-assistant-frontend-logs"
          + "Project"     = "Contextual Agentic Assistant"
        }
    }

  # aws_db_instance.main will be created
  + resource "aws_db_instance" "main" {
      + address                               = (known after apply)
      + allocated_storage                     = 20
      + apply_immediately                     = false
      + arn                                   = (known after apply)
      + auto_minor_version_upgrade            = true
      + availability_zone                     = (known after apply)
      + backup_retention_period               = (known after apply)
      + backup_target                         = (known after apply)
      + backup_window                         = (known after apply)
      + ca_cert_identifier                    = (known after apply)
      + character_set_name                    = (known after apply)
      + copy_tags_to_snapshot                 = false
      + database_insights_mode                = (known after apply)
      + db_name                               = "assistant"
      + db_subnet_group_name                  = "agentic-assistant-db-subnet-group"
      + dedicated_log_volume                  = false
      + delete_automated_backups              = true
      + domain_fqdn                           = (known after apply)
      + endpoint                              = (known after apply)
      + engine                                = "postgres"
      + engine_lifecycle_support              = (known after apply)
      + engine_version                        = "15.3"
      + engine_version_actual                 = (known after apply)
      + hosted_zone_id                        = (known after apply)
      + id                                    = (known after apply)
      + identifier                            = "agentic-assistant-db"
      + identifier_prefix                     = (known after apply)
      + instance_class                        = "db.t3.micro"
      + iops                                  = (known after apply)
      + kms_key_id                            = (known after apply)
      + latest_restorable_time                = (known after apply)
      + license_model                         = (known after apply)
      + listener_endpoint                     = (known after apply)
      + maintenance_window                    = (known after apply)
      + master_user_secret                    = (known after apply)
      + master_user_secret_kms_key_id         = (known after apply)
      + monitoring_interval                   = 0
      + monitoring_role_arn                   = (known after apply)
      + multi_az                              = (known after apply)
      + nchar_character_set_name              = (known after apply)
      + network_type                          = (known after apply)
      + option_group_name                     = (known after apply)
      + parameter_group_name                  = (known after apply)
      + password                              = (sensitive value)
      + password_wo                           = (write-only attribute)
      + performance_insights_enabled          = false
      + performance_insights_kms_key_id       = (known after apply)
      + performance_insights_retention_period = (known after apply)
      + port                                  = (known after apply)
      + publicly_accessible                   = false
      + replica_mode                          = (known after apply)
      + replicas                              = (known after apply)
      + resource_id                           = (known after apply)
      + skip_final_snapshot                   = true
      + snapshot_identifier                   = (known after apply)
      + status                                = (known after apply)
      + storage_throughput                    = (known after apply)
      + storage_type                          = "gp2"
      + tags                                  = {
          + "Name" = "agentic-assistant-db"
        }
      + tags_all                              = {
          + "Environment" = "production"
          + "ManagedBy"   = "Terraform"
          + "Name"        = "agentic-assistant-db"
          + "Project"     = "Contextual Agentic Assistant"
        }
      + timezone                              = (known after apply)
      + username                              = "postgres"
      + vpc_security_group_ids                = (known after apply)
    }

  # aws_db_subnet_group.main will be created
  + resource "aws_db_subnet_group" "main" {
      + arn                     = (known after apply)
      + description             = "Managed by Terraform"
      + id                      = (known after apply)
      + name                    = "agentic-assistant-db-subnet-group"
      + name_prefix             = (known after apply)
      + subnet_ids              = (known after apply)
      + supported_network_types = (known after apply)
      + tags                    = {
          + "Name" = "agentic-assistant-db-subnet-group"
        }
      + tags_all                = {
          + "Environment" = "production"
          + "ManagedBy"   = "Terraform"
          + "Name"        = "agentic-assistant-db-subnet-group"
          + "Project"     = "Contextual Agentic Assistant"
        }
      + vpc_id                  = (known after apply)
    }

  # aws_ecr_repository.backend will be created
  + resource "aws_ecr_repository" "backend" {
      + arn                  = (known after apply)
      + id                   = (known after apply)
      + image_tag_mutability = "MUTABLE"
      + name                 = "agentic-assistant-backend"
      + registry_id          = (known after apply)
      + repository_url       = (known after apply)
      + tags                 = {
          + "Name" = "agentic-assistant-backend"
        }
      + tags_all             = {
          + "Environment" = "production"
          + "ManagedBy"   = "Terraform"
          + "Name"        = "agentic-assistant-backend"
          + "Project"     = "Contextual Agentic Assistant"
        }

      + image_scanning_configuration {
          + scan_on_push = true
        }
    }

  # aws_ecr_repository.frontend will be created
  + resource "aws_ecr_repository" "frontend" {
      + arn                  = (known after apply)
      + id                   = (known after apply)
      + image_tag_mutability = "MUTABLE"
      + name                 = "agentic-assistant-frontend"
      + registry_id          = (known after apply)
      + repository_url       = (known after apply)
      + tags                 = {
          + "Name" = "agentic-assistant-frontend"
        }
      + tags_all             = {
          + "Environment" = "production"
          + "ManagedBy"   = "Terraform"
          + "Name"        = "agentic-assistant-frontend"
          + "Project"     = "Contextual Agentic Assistant"
        }

      + image_scanning_configuration {
          + scan_on_push = true
        }
    }

  # aws_ecs_cluster.main will be created
  + resource "aws_ecs_cluster" "main" {
      + arn      = (known after apply)
      + id       = (known after apply)
      + name     = "agentic-assistant-cluster"
      + tags     = {
          + "Name" = "agentic-assistant-cluster"
        }
      + tags_all = {
          + "Environment" = "production"
          + "ManagedBy"   = "Terraform"
          + "Name"        = "agentic-assistant-cluster"
          + "Project"     = "Contextual Agentic Assistant"
        }

      + setting {
          + name  = "containerInsights"
          + value = "enabled"
        }
    }

  # aws_ecs_service.backend will be created
  + resource "aws_ecs_service" "backend" {
      + availability_zone_rebalancing      = "DISABLED"
      + cluster                            = (known after apply)
      + deployment_maximum_percent         = 200
      + deployment_minimum_healthy_percent = 100
      + desired_count                      = 1
      + enable_ecs_managed_tags            = false
      + enable_execute_command             = false
      + iam_role                           = (known after apply)
      + id                                 = (known after apply)
      + launch_type                        = "FARGATE"
      + name                               = "agentic-assistant-backend-service"
      + platform_version                   = (known after apply)
      + scheduling_strategy                = "REPLICA"
      + tags                               = {
          + "Name" = "agentic-assistant-backend-service"
        }
      + tags_all                           = {
          + "Environment" = "production"
          + "ManagedBy"   = "Terraform"
          + "Name"        = "agentic-assistant-backend-service"
          + "Project"     = "Contextual Agentic Assistant"
        }
      + task_definition                    = (known after apply)
      + triggers                           = (known after apply)
      + wait_for_steady_state              = false

      + load_balancer {
          + container_name   = "backend"
          + container_port   = 8000
          + target_group_arn = (known after apply)
            # (1 unchanged attribute hidden)
        }

      + network_configuration {
          + assign_public_ip = true
          + security_groups  = (known after apply)
          + subnets          = (known after apply)
        }
    }

  # aws_ecs_task_definition.backend will be created
  + resource "aws_ecs_task_definition" "backend" {
      + arn                      = (known after apply)
      + arn_without_revision     = (known after apply)
      + container_definitions    = (known after apply)
      + cpu                      = "512"
      + enable_fault_injection   = (known after apply)
      + execution_role_arn       = (known after apply)
      + family                   = "agentic-assistant-backend"
      + id                       = (known after apply)
      + memory                   = "1024"
      + network_mode             = "awsvpc"
      + requires_compatibilities = [
          + "FARGATE",
        ]
      + revision                 = (known after apply)
      + skip_destroy             = false
      + tags                     = {
          + "Name" = "agentic-assistant-backend-task"
        }
      + tags_all                 = {
          + "Environment" = "production"
          + "ManagedBy"   = "Terraform"
          + "Name"        = "agentic-assistant-backend-task"
          + "Project"     = "Contextual Agentic Assistant"
        }
      + task_role_arn            = (known after apply)
      + track_latest             = false
    }

  # aws_iam_role.ecs_execution will be created
  + resource "aws_iam_role" "ecs_execution" {
      + arn                   = (known after apply)
      + assume_role_policy    = jsonencode(
            {
              + Statement = [
                  + {
                      + Action    = "sts:AssumeRole"
                      + Effect    = "Allow"
                      + Principal = {
                          + Service = "ecs-tasks.amazonaws.com"
                        }
                    },
                ]
              + Version   = "2012-10-17"
            }
        )
      + create_date           = (known after apply)
      + force_detach_policies = false
      + id                    = (known after apply)
      + managed_policy_arns   = (known after apply)
      + max_session_duration  = 3600
      + name                  = "agentic-assistant-ecs-execution-role"
      + name_prefix           = (known after apply)
      + path                  = "/"
      + tags                  = {
          + "Name" = "agentic-assistant-ecs-execution-role"
        }
      + tags_all              = {
          + "Environment" = "production"
          + "ManagedBy"   = "Terraform"
          + "Name"        = "agentic-assistant-ecs-execution-role"
          + "Project"     = "Contextual Agentic Assistant"
        }
      + unique_id             = (known after apply)

      + inline_policy (known after apply)
    }

  # aws_iam_role.ecs_task will be created
  + resource "aws_iam_role" "ecs_task" {
      + arn                   = (known after apply)
      + assume_role_policy    = jsonencode(
            {
              + Statement = [
                  + {
                      + Action    = "sts:AssumeRole"
                      + Effect    = "Allow"
                      + Principal = {
                          + Service = "ecs-tasks.amazonaws.com"
                        }
                    },
                ]
              + Version   = "2012-10-17"
            }
        )
      + create_date           = (known after apply)
      + force_detach_policies = false
      + id                    = (known after apply)
      + managed_policy_arns   = (known after apply)
      + max_session_duration  = 3600
      + name                  = "agentic-assistant-ecs-task-role"
      + name_prefix           = (known after apply)
      + path                  = "/"
      + tags                  = {
          + "Name" = "agentic-assistant-ecs-task-role"
        }
      + tags_all              = {
          + "Environment" = "production"
          + "ManagedBy"   = "Terraform"
          + "Name"        = "agentic-assistant-ecs-task-role"
          + "Project"     = "Contextual Agentic Assistant"
        }
      + unique_id             = (known after apply)

      + inline_policy (known after apply)
    }

  # aws_iam_role_policy_attachment.ecs_execution will be created
  + resource "aws_iam_role_policy_attachment" "ecs_execution" {
      + id         = (known after apply)
      + policy_arn = "arn:aws:iam::aws:policy/service-role/AmazonECSTaskExecutionRolePolicy"
      + role       = "agentic-assistant-ecs-execution-role"
    }

  # aws_internet_gateway.main will be created
  + resource "aws_internet_gateway" "main" {
      + arn      = (known after apply)
      + id       = (known after apply)
      + owner_id = (known after apply)
      + tags     = {
          + "Name" = "agentic-assistant-igw"
        }
      + tags_all = {
          + "Environment" = "production"
          + "ManagedBy"   = "Terraform"
          + "Name"        = "agentic-assistant-igw"
          + "Project"     = "Contextual Agentic Assistant"
        }
      + vpc_id   = (known after apply)
    }

  # aws_lb.main will be created
  + resource "aws_lb" "main" {
      + arn                                                          = (known after apply)
      + arn_suffix                                                   = (known after apply)
      + client_keep_alive                                            = 3600
      + desync_mitigation_mode                                       = "defensive"
      + dns_name                                                     = (known after apply)
      + drop_invalid_header_fields                                   = false
      + enable_deletion_protection                                   = false
      + enable_http2                                                 = true
      + enable_tls_version_and_cipher_suite_headers                  = false
      + enable_waf_fail_open                                         = false
      + enable_xff_client_port                                       = false
      + enable_zonal_shift                                           = false
      + enforce_security_group_inbound_rules_on_private_link_traffic = (known after apply)
      + id                                                           = (known after apply)
      + idle_timeout                                                 = 60
      + internal                                                     = false
      + ip_address_type                                              = (known after apply)
      + load_balancer_type                                           = "application"
      + name                                                         = "agentic-assistant-alb"
      + name_prefix                                                  = (known after apply)
      + preserve_host_header                                         = false
      + security_groups                                              = (known after apply)
      + subnets                                                      = (known after apply)
      + tags                                                         = {
          + "Name" = "agentic-assistant-alb"
        }
      + tags_all                                                     = {
          + "Environment" = "production"
          + "ManagedBy"   = "Terraform"
          + "Name"        = "agentic-assistant-alb"
          + "Project"     = "Contextual Agentic Assistant"
        }
      + vpc_id                                                       = (known after apply)
      + xff_header_processing_mode                                   = "append"
      + zone_id                                                      = (known after apply)

      + subnet_mapping (known after apply)
    }

  # aws_lb_listener.backend will be created
  + resource "aws_lb_listener" "backend" {
      + arn                                                                   = (known after apply)
      + id                                                                    = (known after apply)
      + load_balancer_arn                                                     = (known after apply)
      + port                                                                  = 80
      + protocol                                                              = "HTTP"
      + routing_http_request_x_amzn_mtls_clientcert_header_name               = (known after apply)
      + routing_http_request_x_amzn_mtls_clientcert_issuer_header_name        = (known after apply)
      + routing_http_request_x_amzn_mtls_clientcert_leaf_header_name          = (known after apply)
      + routing_http_request_x_amzn_mtls_clientcert_serial_number_header_name = (known after apply)
      + routing_http_request_x_amzn_mtls_clientcert_subject_header_name       = (known after apply)
      + routing_http_request_x_amzn_mtls_clientcert_validity_header_name      = (known after apply)
      + routing_http_request_x_amzn_tls_cipher_suite_header_name              = (known after apply)
      + routing_http_request_x_amzn_tls_version_header_name                   = (known after apply)
      + routing_http_response_access_control_allow_credentials_header_value   = (known after apply)
      + routing_http_response_access_control_allow_headers_header_value       = (known after apply)
      + routing_http_response_access_control_allow_methods_header_value       = (known after apply)
      + routing_http_response_access_control_allow_origin_header_value        = (known after apply)
      + routing_http_response_access_control_expose_headers_header_value      = (known after apply)
      + routing_http_response_access_control_max_age_header_value             = (known after apply)
      + routing_http_response_content_security_policy_header_value            = (known after apply)
      + routing_http_response_server_enabled                                  = (known after apply)
      + routing_http_response_strict_transport_security_header_value          = (known after apply)
      + routing_http_response_x_content_type_options_header_value             = (known after apply)
      + routing_http_response_x_frame_options_header_value                    = (known after apply)
      + ssl_policy                                                            = (known after apply)
      + tags_all                                                              = {
          + "Environment" = "production"
          + "ManagedBy"   = "Terraform"
          + "Project"     = "Contextual Agentic Assistant"
        }
      + tcp_idle_timeout_seconds                                              = (known after apply)

      + default_action {
          + order            = (known after apply)
          + target_group_arn = (known after apply)
          + type             = "forward"
        }

      + mutual_authentication (known after apply)
    }

  # aws_lb_target_group.backend will be created
  + resource "aws_lb_target_group" "backend" {
      + arn                                = (known after apply)
      + arn_suffix                         = (known after apply)
      + connection_termination             = (known after apply)
      + deregistration_delay               = "300"
      + id                                 = (known after apply)
      + ip_address_type                    = (known after apply)
      + lambda_multi_value_headers_enabled = false
      + load_balancer_arns                 = (known after apply)
      + load_balancing_algorithm_type      = (known after apply)
      + load_balancing_anomaly_mitigation  = (known after apply)
      + load_balancing_cross_zone_enabled  = (known after apply)
      + name                               = "agentic-assistant-backend-tg"
      + name_prefix                        = (known after apply)
      + port                               = 8000
      + preserve_client_ip                 = (known after apply)
      + protocol                           = "HTTP"
      + protocol_version                   = (known after apply)
      + proxy_protocol_v2                  = false
      + slow_start                         = 0
      + tags                               = {
          + "Name" = "agentic-assistant-backend-tg"
        }
      + tags_all                           = {
          + "Environment" = "production"
          + "ManagedBy"   = "Terraform"
          + "Name"        = "agentic-assistant-backend-tg"
          + "Project"     = "Contextual Agentic Assistant"
        }
      + target_type                        = "ip"
      + vpc_id                             = (known after apply)

      + health_check {
          + enabled             = true
          + healthy_threshold   = 2
          + interval            = 300
          + matcher             = "200"
          + path                = "/api/health"
          + port                = "traffic-port"
          + protocol            = "HTTP"
          + timeout             = 60
          + unhealthy_threshold = 10
        }

      + stickiness (known after apply)

      + target_failover (known after apply)

      + target_group_health (known after apply)

      + target_health_state (known after apply)
    }

  # aws_route_table.public will be created
  + resource "aws_route_table" "public" {
      + arn              = (known after apply)
      + id               = (known after apply)
      + owner_id         = (known after apply)
      + propagating_vgws = (known after apply)
      + route            = [
          + {
              + cidr_block                 = "0.0.0.0/0"
              + gateway_id                 = (known after apply)
                # (11 unchanged attributes hidden)
            },
        ]
      + tags             = {
          + "Name" = "agentic-assistant-public-rt"
        }
      + tags_all         = {
          + "Environment" = "production"
          + "ManagedBy"   = "Terraform"
          + "Name"        = "agentic-assistant-public-rt"
          + "Project"     = "Contextual Agentic Assistant"
        }
      + vpc_id           = (known after apply)
    }

  # aws_route_table_association.public[0] will be created
  + resource "aws_route_table_association" "public" {
      + id             = (known after apply)
      + route_table_id = (known after apply)
      + subnet_id      = (known after apply)
    }

  # aws_route_table_association.public[1] will be created
  + resource "aws_route_table_association" "public" {
      + id             = (known after apply)
      + route_table_id = (known after apply)
      + subnet_id      = (known after apply)
    }

  # aws_s3_bucket.frontend will be created
  + resource "aws_s3_bucket" "frontend" {
      + acceleration_status         = (known after apply)
      + acl                         = (known after apply)
      + arn                         = (known after apply)
      + bucket                      = (known after apply)
      + bucket_domain_name          = (known after apply)
      + bucket_prefix               = (known after apply)
      + bucket_regional_domain_name = (known after apply)
      + force_destroy               = false
      + hosted_zone_id              = (known after apply)
      + id                          = (known after apply)
      + object_lock_enabled         = (known after apply)
      + policy                      = (known after apply)
      + region                      = (known after apply)
      + request_payer               = (known after apply)
      + tags                        = {
          + "Name" = "agentic-assistant-frontend"
        }
      + tags_all                    = {
          + "Environment" = "production"
          + "ManagedBy"   = "Terraform"
          + "Name"        = "agentic-assistant-frontend"
          + "Project"     = "Contextual Agentic Assistant"
        }
      + website_domain              = (known after apply)
      + website_endpoint            = (known after apply)

      + cors_rule (known after apply)

      + grant (known after apply)

      + lifecycle_rule (known after apply)

      + logging (known after apply)

      + object_lock_configuration (known after apply)

      + replication_configuration (known after apply)

      + server_side_encryption_configuration (known after apply)

      + versioning (known after apply)

      + website (known after apply)
    }

  # aws_s3_bucket_public_access_block.frontend will be created
  + resource "aws_s3_bucket_public_access_block" "frontend" {
      + block_public_acls       = true
      + block_public_policy     = true
      + bucket                  = (known after apply)
      + id                      = (known after apply)
      + ignore_public_acls      = true
      + restrict_public_buckets = true
    }

  # aws_secretsmanager_secret.app_secrets will be created
  + resource "aws_secretsmanager_secret" "app_secrets" {
      + arn                            = (known after apply)
      + force_overwrite_replica_secret = false
      + id                             = (known after apply)
      + name                           = "agentic-assistant-secrets"
      + name_prefix                    = (known after apply)
      + policy                         = (known after apply)
      + recovery_window_in_days        = 30
      + tags                           = {
          + "Name" = "agentic-assistant-secrets"
        }
      + tags_all                       = {
          + "Environment" = "production"
          + "ManagedBy"   = "Terraform"
          + "Name"        = "agentic-assistant-secrets"
          + "Project"     = "Contextual Agentic Assistant"
        }

      + replica (known after apply)
    }

  # aws_secretsmanager_secret_version.app_secrets will be created
  + resource "aws_secretsmanager_secret_version" "app_secrets" {
      + arn                  = (known after apply)
      + has_secret_string_wo = (known after apply)
      + id                   = (known after apply)
      + secret_id            = (known after apply)
      + secret_string        = (sensitive value)
      + secret_string_wo     = (write-only attribute)
      + version_id           = (known after apply)
      + version_stages       = (known after apply)
    }

  # aws_security_group.alb will be created
  + resource "aws_security_group" "alb" {
      + arn                    = (known after apply)
      + description            = "Security group for ALB"
      + egress                 = [
          + {
              + cidr_blocks      = [
                  + "0.0.0.0/0",
                ]
              + from_port        = 0
              + ipv6_cidr_blocks = []
              + prefix_list_ids  = []
              + protocol         = "-1"
              + security_groups  = []
              + self             = false
              + to_port          = 0
                # (1 unchanged attribute hidden)
            },
        ]
      + id                     = (known after apply)
      + ingress                = [
          + {
              + cidr_blocks      = [
                  + "0.0.0.0/0",
                ]
              + from_port        = 443
              + ipv6_cidr_blocks = []
              + prefix_list_ids  = []
              + protocol         = "tcp"
              + security_groups  = []
              + self             = false
              + to_port          = 443
                # (1 unchanged attribute hidden)
            },
          + {
              + cidr_blocks      = [
                  + "0.0.0.0/0",
                ]
              + from_port        = 80
              + ipv6_cidr_blocks = []
              + prefix_list_ids  = []
              + protocol         = "tcp"
              + security_groups  = []
              + self             = false
              + to_port          = 80
                # (1 unchanged attribute hidden)
            },
        ]
      + name                   = "agentic-assistant-alb-sg"
      + name_prefix            = (known after apply)
      + owner_id               = (known after apply)
      + revoke_rules_on_delete = false
      + tags                   = {
          + "Name" = "agentic-assistant-alb-sg"
        }
      + tags_all               = {
          + "Environment" = "production"
          + "ManagedBy"   = "Terraform"
          + "Name"        = "agentic-assistant-alb-sg"
          + "Project"     = "Contextual Agentic Assistant"
        }
      + vpc_id                 = (known after apply)
    }

  # aws_security_group.ecs_tasks will be created
  + resource "aws_security_group" "ecs_tasks" {
      + arn                    = (known after apply)
      + description            = "Security group for ECS tasks"
      + egress                 = [
          + {
              + cidr_blocks      = [
                  + "0.0.0.0/0",
                ]
              + from_port        = 0
              + ipv6_cidr_blocks = []
              + prefix_list_ids  = []
              + protocol         = "-1"
              + security_groups  = []
              + self             = false
              + to_port          = 0
                # (1 unchanged attribute hidden)
            },
        ]
      + id                     = (known after apply)
      + ingress                = [
          + {
              + cidr_blocks      = []
              + from_port        = 8000
              + ipv6_cidr_blocks = []
              + prefix_list_ids  = []
              + protocol         = "tcp"
              + security_groups  = (known after apply)
              + self             = false
              + to_port          = 8000
                # (1 unchanged attribute hidden)
            },
          + {
              + cidr_blocks      = []
              + from_port        = 80
              + ipv6_cidr_blocks = []
              + prefix_list_ids  = []
              + protocol         = "tcp"
              + security_groups  = (known after apply)
              + self             = false
              + to_port          = 80
                # (1 unchanged attribute hidden)
            },
        ]
      + name                   = "agentic-assistant-ecs-tasks-sg"
      + name_prefix            = (known after apply)
      + owner_id               = (known after apply)
      + revoke_rules_on_delete = false
      + tags                   = {
          + "Name" = "agentic-assistant-ecs-tasks-sg"
        }
      + tags_all               = {
          + "Environment" = "production"
          + "ManagedBy"   = "Terraform"
          + "Name"        = "agentic-assistant-ecs-tasks-sg"
          + "Project"     = "Contextual Agentic Assistant"
        }
      + vpc_id                 = (known after apply)
    }

  # aws_security_group.rds will be created
  + resource "aws_security_group" "rds" {
      + arn                    = (known after apply)
      + description            = "Security group for RDS"
      + egress                 = [
          + {
              + cidr_blocks      = [
                  + "0.0.0.0/0",
                ]
              + from_port        = 0
              + ipv6_cidr_blocks = []
              + prefix_list_ids  = []
              + protocol         = "-1"
              + security_groups  = []
              + self             = false
              + to_port          = 0
                # (1 unchanged attribute hidden)
            },
        ]
      + id                     = (known after apply)
      + ingress                = [
          + {
              + cidr_blocks      = []
              + from_port        = 5432
              + ipv6_cidr_blocks = []
              + prefix_list_ids  = []
              + protocol         = "tcp"
              + security_groups  = (known after apply)
              + self             = false
              + to_port          = 5432
                # (1 unchanged attribute hidden)
            },
        ]
      + name                   = "agentic-assistant-rds-sg"
      + name_prefix            = (known after apply)
      + owner_id               = (known after apply)
      + revoke_rules_on_delete = false
      + tags                   = {
          + "Name" = "agentic-assistant-rds-sg"
        }
      + tags_all               = {
          + "Environment" = "production"
          + "ManagedBy"   = "Terraform"
          + "Name"        = "agentic-assistant-rds-sg"
          + "Project"     = "Contextual Agentic Assistant"
        }
      + vpc_id                 = (known after apply)
    }

  # aws_subnet.private[0] will be created
  + resource "aws_subnet" "private" {
      + arn                                            = (known after apply)
      + assign_ipv6_address_on_creation                = false
      + availability_zone                              = "us-east-1a"
      + availability_zone_id                           = (known after apply)
      + cidr_block                                     = "10.0.10.0/24"
      + enable_dns64                                   = false
      + enable_resource_name_dns_a_record_on_launch    = false
      + enable_resource_name_dns_aaaa_record_on_launch = false
      + id                                             = (known after apply)
      + ipv6_cidr_block_association_id                 = (known after apply)
      + ipv6_native                                    = false
      + map_public_ip_on_launch                        = false
      + owner_id                                       = (known after apply)
      + private_dns_hostname_type_on_launch            = (known after apply)
      + tags                                           = {
          + "Name" = "agentic-assistant-private-1"
        }
      + tags_all                                       = {
          + "Environment" = "production"
          + "ManagedBy"   = "Terraform"
          + "Name"        = "agentic-assistant-private-1"
          + "Project"     = "Contextual Agentic Assistant"
        }
      + vpc_id                                         = (known after apply)
    }

  # aws_subnet.private[1] will be created
  + resource "aws_subnet" "private" {
      + arn                                            = (known after apply)
      + assign_ipv6_address_on_creation                = false
      + availability_zone                              = "us-east-1b"
      + availability_zone_id                           = (known after apply)
      + cidr_block                                     = "10.0.11.0/24"
      + enable_dns64                                   = false
      + enable_resource_name_dns_a_record_on_launch    = false
      + enable_resource_name_dns_aaaa_record_on_launch = false
      + id                                             = (known after apply)
      + ipv6_cidr_block_association_id                 = (known after apply)
      + ipv6_native                                    = false
      + map_public_ip_on_launch                        = false
      + owner_id                                       = (known after apply)
      + private_dns_hostname_type_on_launch            = (known after apply)
      + tags                                           = {
          + "Name" = "agentic-assistant-private-2"
        }
      + tags_all                                       = {
          + "Environment" = "production"
          + "ManagedBy"   = "Terraform"
          + "Name"        = "agentic-assistant-private-2"
          + "Project"     = "Contextual Agentic Assistant"
        }
      + vpc_id                                         = (known after apply)
    }

  # aws_subnet.public[0] will be created
  + resource "aws_subnet" "public" {
      + arn                                            = (known after apply)
      + assign_ipv6_address_on_creation                = false
      + availability_zone                              = "us-east-1a"
      + availability_zone_id                           = (known after apply)
      + cidr_block                                     = "10.0.1.0/24"
      + enable_dns64                                   = false
      + enable_resource_name_dns_a_record_on_launch    = false
      + enable_resource_name_dns_aaaa_record_on_launch = false
      + id                                             = (known after apply)
      + ipv6_cidr_block_association_id                 = (known after apply)
      + ipv6_native                                    = false
      + map_public_ip_on_launch                        = true
      + owner_id                                       = (known after apply)
      + private_dns_hostname_type_on_launch            = (known after apply)
      + tags                                           = {
          + "Name" = "agentic-assistant-public-1"
        }
      + tags_all                                       = {
          + "Environment" = "production"
          + "ManagedBy"   = "Terraform"
          + "Name"        = "agentic-assistant-public-1"
          + "Project"     = "Contextual Agentic Assistant"
        }
      + vpc_id                                         = (known after apply)
    }

  # aws_subnet.public[1] will be created
  + resource "aws_subnet" "public" {
      + arn                                            = (known after apply)
      + assign_ipv6_address_on_creation                = false
      + availability_zone                              = "us-east-1b"
      + availability_zone_id                           = (known after apply)
      + cidr_block                                     = "10.0.2.0/24"
      + enable_dns64                                   = false
      + enable_resource_name_dns_a_record_on_launch    = false
      + enable_resource_name_dns_aaaa_record_on_launch = false
      + id                                             = (known after apply)
      + ipv6_cidr_block_association_id                 = (known after apply)
      + ipv6_native                                    = false
      + map_public_ip_on_launch                        = true
      + owner_id                                       = (known after apply)
      + private_dns_hostname_type_on_launch            = (known after apply)
      + tags                                           = {
          + "Name" = "agentic-assistant-public-2"
        }
      + tags_all                                       = {
          + "Environment" = "production"
          + "ManagedBy"   = "Terraform"
          + "Name"        = "agentic-assistant-public-2"
          + "Project"     = "Contextual Agentic Assistant"
        }
      + vpc_id                                         = (known after apply)
    }

  # aws_vpc.main will be created
  + resource "aws_vpc" "main" {
      + arn                                  = (known after apply)
      + cidr_block                           = "10.0.0.0/16"
      + default_network_acl_id               = (known after apply)
      + default_route_table_id               = (known after apply)
      + default_security_group_id            = (known after apply)
      + dhcp_options_id                      = (known after apply)
      + enable_dns_hostnames                 = true
      + enable_dns_support                   = true
      + enable_network_address_usage_metrics = (known after apply)
      + id                                   = (known after apply)
      + instance_tenancy                     = "default"
      + ipv6_association_id                  = (known after apply)
      + ipv6_cidr_block                      = (known after apply)
      + ipv6_cidr_block_network_border_group = (known after apply)
      + main_route_table_id                  = (known after apply)
      + owner_id                             = (known after apply)
      + tags                                 = {
          + "Name" = "agentic-assistant-vpc"
        }
      + tags_all                             = {
          + "Environment" = "production"
          + "ManagedBy"   = "Terraform"
          + "Name"        = "agentic-assistant-vpc"
          + "Project"     = "Contextual Agentic Assistant"
        }
    }

  # random_id.bucket_suffix will be created
  + resource "random_id" "bucket_suffix" {
      + b64_std     = (known after apply)
      + b64_url     = (known after apply)
      + byte_length = 4
      + dec         = (known after apply)
      + hex         = (known after apply)
      + id          = (known after apply)
    }

Plan: 35 to add, 0 to change, 0 to destroy.

Changes to Outputs:
  + backend_url             = (known after apply)
  + database_endpoint       = (sensitive value)
  + ecr_backend_repository  = (known after apply)
  + ecr_frontend_repository = (known after apply)
  + ecs_cluster_name        = "agentic-assistant-cluster"
  + frontend_url            = (known after apply)

ΓöÇΓöÇΓöÇΓöÇΓöÇΓöÇΓöÇΓöÇΓöÇΓöÇΓöÇΓöÇΓöÇΓöÇΓöÇΓöÇΓöÇΓöÇΓöÇΓöÇΓöÇΓöÇΓöÇΓöÇΓöÇΓöÇΓöÇΓöÇΓöÇΓöÇΓöÇΓöÇΓöÇΓöÇΓöÇΓöÇΓöÇΓöÇΓöÇΓöÇΓöÇΓöÇΓöÇΓöÇΓöÇΓöÇΓöÇΓöÇΓöÇΓöÇΓöÇΓöÇΓöÇΓöÇΓöÇΓöÇΓöÇΓöÇΓöÇΓöÇΓöÇΓöÇΓöÇΓöÇΓöÇΓöÇΓöÇΓöÇΓöÇΓöÇΓöÇΓöÇΓöÇΓöÇΓöÇΓöÇΓöÇ

Note: You didn't use the -out option to save this plan, so Terraform can't
guarantee to take exactly these actions if you run "terraform apply" now.
